{
  "name": "gamebox",
  "version": "0.1.0",
  "description": "منصة توزيع الألعاب والتطبيقات",
  "main": "dist/index.js",
  "type": "module",
  "scripts": {
    "dev": "vite",
    "build": "tsc && vite build",
    "preview": "vite preview",
    "lint": "eslint . --ext ts,tsx"
  },
  "keywords": [
    "games",
    "apps",
    "gaming",
    "distribution",
    "لعب",
    "تطبيقات",
    "توزيع"
  ],
  "author": "HyperSoft2026",
  "license": "MIT",
  "bugs": {
    "url": "https://github.com/HyperSoft2026/gamebox/issues"
  },
  "homepage": "https://github.com/HyperSoft2026/gamebox#readme"
}
